
Microsoft Visual Studio Solution File, Format Version 12.00
# Visual Studio 15
VisualStudioVersion = 15.0.26730.10
MinimumVisualStudioVersion = 10.0.40219.1
Project("{FAE04EC0-301F-11D3-BF4B-00C04F79EFBC}") = "CSharpStock", "CSharpStock\CSharpStock.csproj", "{D874828F-451F-4652-B16C-FA7F14D33BF8}"
EndProject
Project("{FAE04EC0-301F-11D3-BF4B-00C04F79EFBC}") = "Win32", "Win32\Win32.csproj", "{3FD297DB-F255-40B0-9DE2-ED0AC5675DF4}"
EndProject
Project("{FAE04EC0-301F-11D3-BF4B-00C04F79EFBC}") = "WinCtrl", "WinCtrl\WinCtrl.csproj", "{1085DB78-3BBE-4060-833F-A001AA8A2B01}"
EndProject
Global
	GlobalSection(SolutionConfigurationPlatforms) = preSolution
		Debug|Any CPU = Debug|Any CPU
		Release|Any CPU = Release|Any CPU
	EndGlobalSection
	GlobalSection(ProjectConfigurationPlatforms) = postSolution
		{D874828F-451F-4652-B16C-FA7F14D33BF8}.Debug|Any CPU.ActiveCfg = Debug|Any CPU
		{D874828F-451F-4652-B16C-FA7F14D33BF8}.Debug|Any CPU.Build.0 = Debug|Any CPU
		{D874828F-451F-4652-B16C-FA7F14D33BF8}.Release|Any CPU.ActiveCfg = Release|Any CPU
		{D874828F-451F-4652-B16C-FA7F14D33BF8}.Release|Any CPU.Build.0 = Release|Any CPU
		{3FD297DB-F255-40B0-9DE2-ED0AC5675DF4}.Debug|Any CPU.ActiveCfg = Debug|Any CPU
		{3FD297DB-F255-40B0-9DE2-ED0AC5675DF4}.Debug|Any CPU.Build.0 = Debug|Any CPU
		{3FD297DB-F255-40B0-9DE2-ED0AC5675DF4}.Release|Any CPU.ActiveCfg = Release|Any CPU
		{3FD297DB-F255-40B0-9DE2-ED0AC5675DF4}.Release|Any CPU.Build.0 = Release|Any CPU
		{1085DB78-3BBE-4060-833F-A001AA8A2B01}.Debug|Any CPU.ActiveCfg = Debug|Any CPU
		{1085DB78-3BBE-4060-833F-A001AA8A2B01}.Debug|Any CPU.Build.0 = Debug|Any CPU
		{1085DB78-3BBE-4060-833F-A001AA8A2B01}.Release|Any CPU.ActiveCfg = Release|Any CPU
		{1085DB78-3BBE-4060-833F-A001AA8A2B01}.Release|Any CPU.Build.0 = Release|Any CPU
	EndGlobalSection
	GlobalSection(SolutionProperties) = preSolution
		HideSolutionNode = FALSE
	EndGlobalSection
	GlobalSection(ExtensibilityGlobals) = postSolution
		SolutionGuid = {8695B541-3B0B-4654-90D7-A8E5CF763BCD}
	EndGlobalSection
EndGlobal
